
Microsoft Visual Studio Solution File, Format Version 12.00
# Visual Studio Version 17
VisualStudioVersion = 17.1.32407.343
MinimumVisualStudioVersion = 10.0.40219.1
Project("{FAE04EC0-301F-11D3-BF4B-00C04F79EFBC}") = "Projeto Banco", "Projeto Banco\Projeto Banco.csproj", "{1D57CA03-7DC0-4934-97E5-EDF598A4AB61}"
EndProject
Global
	GlobalSection(SolutionConfigurationPlatforms) = preSolution
		Debug|Any CPU = Debug|Any CPU
		Release|Any CPU = Release|Any CPU
	EndGlobalSection
	GlobalSection(ProjectConfigurationPlatforms) = postSolution
		{1D57CA03-7DC0-4934-97E5-EDF598A4AB61}.Debug|Any CPU.ActiveCfg = Debug|Any CPU
		{1D57CA03-7DC0-4934-97E5-EDF598A4AB61}.Debug|Any CPU.Build.0 = Debug|Any CPU
		{1D57CA03-7DC0-4934-97E5-EDF598A4AB61}.Release|Any CPU.ActiveCfg = Release|Any CPU
		{1D57CA03-7DC0-4934-97E5-EDF598A4AB61}.Release|Any CPU.Build.0 = Release|Any CPU
	EndGlobalSection
	GlobalSection(SolutionProperties) = preSolution
		HideSolutionNode = FALSE
	EndGlobalSection
	GlobalSection(ExtensibilityGlobals) = postSolution
		SolutionGuid = {512E9A0E-9275-4DF4-9D45-D4915F146FDE}
	EndGlobalSection
EndGlobal
